github.com/elastic/elastic-transport-go/v8 v8.2.0 h1:hkK5IIs/15mpSXzd5THWVlWTKJyMw6cbCWM3T/B2S5E=
github.com/elastic/elastic-transport-go/v8 v8.2.0/go.mod h1:87Tcz8IVNe6rVSLdBux1o/PEItLtyabHU3naC7IoqKI=
github.com/elastic/go-elasticsearch/v8 v8.7.0 h1:ZvbT1YHppBC0QxGnMmaDUxoDa26clwhRaB3Gp5E3UcY=
github.com/elastic/go-elasticsearch/v8 v8.7.0/go.mod h1:lVb8SvJV8McVkdswpL8YR5QKIkhlWaoSq60YpHilOLI=
github.com/gorilla/mux v1.8.0 h1:i40aqfkR1h2SlN9hojwV5ZA91wcXFOvkdNIeFDP5koI=
github.com/gorilla/mux v1.8.0/go.mod h1:DVbg23sWSpFRCP0SfiEN6jmj59UnW/n46BH5rLB71So=
